
Microsoft Visual Studio Solution File, Format Version 12.00
# Visual Studio Version 17
VisualStudioVersion = 17.7.34221.43
MinimumVisualStudioVersion = 10.0.40219.1
Project("{FAE04EC0-301F-11D3-BF4B-00C04F79EFBC}") = "QuickChat", "QuickChat\QuickChat.csproj", "{5C2F0B6A-7CA6-4131-ABBF-3F1D4650154E}"
EndProject
Global
	GlobalSection(SolutionConfigurationPlatforms) = preSolution
		Debug|Any CPU = Debug|Any CPU
		Release|Any CPU = Release|Any CPU
	EndGlobalSection
	GlobalSection(ProjectConfigurationPlatforms) = postSolution
		{5C2F0B6A-7CA6-4131-ABBF-3F1D4650154E}.Debug|Any CPU.ActiveCfg = Debug|Any CPU
		{5C2F0B6A-7CA6-4131-ABBF-3F1D4650154E}.Debug|Any CPU.Build.0 = Debug|Any CPU
		{5C2F0B6A-7CA6-4131-ABBF-3F1D4650154E}.Release|Any CPU.ActiveCfg = Release|Any CPU
		{5C2F0B6A-7CA6-4131-ABBF-3F1D4650154E}.Release|Any CPU.Build.0 = Release|Any CPU
	EndGlobalSection
	GlobalSection(SolutionProperties) = preSolution
		HideSolutionNode = FALSE
	EndGlobalSection
	GlobalSection(ExtensibilityGlobals) = postSolution
		SolutionGuid = {6C560798-50E9-4E95-92E3-F4F9FB0FA1DC}
	EndGlobalSection
EndGlobal
